
Microsoft Visual Studio Solution File, Format Version 12.00
# Visual Studio Version 16
VisualStudioVersion = 16.0.30204.135
MinimumVisualStudioVersion = 10.0.40219.1
Project("{FAE04EC0-301F-11D3-BF4B-00C04F79EFBC}") = "SalesWebMvcUdemy", "SalesWebMvcUdemy\SalesWebMvcUdemy.csproj", "{0EF18E93-3671-43C6-8466-6098883FF743}"
EndProject
Global
	GlobalSection(SolutionConfigurationPlatforms) = preSolution
		Debug|Any CPU = Debug|Any CPU
		Release|Any CPU = Release|Any CPU
	EndGlobalSection
	GlobalSection(ProjectConfigurationPlatforms) = postSolution
		{0EF18E93-3671-43C6-8466-6098883FF743}.Debug|Any CPU.ActiveCfg = Debug|Any CPU
		{0EF18E93-3671-43C6-8466-6098883FF743}.Debug|Any CPU.Build.0 = Debug|Any CPU
		{0EF18E93-3671-43C6-8466-6098883FF743}.Release|Any CPU.ActiveCfg = Release|Any CPU
		{0EF18E93-3671-43C6-8466-6098883FF743}.Release|Any CPU.Build.0 = Release|Any CPU
	EndGlobalSection
	GlobalSection(SolutionProperties) = preSolution
		HideSolutionNode = FALSE
	EndGlobalSection
	GlobalSection(ExtensibilityGlobals) = postSolution
		SolutionGuid = {99013209-6BBD-48A6-882B-6312E4B9316C}
	EndGlobalSection
EndGlobal
